
Microsoft Visual Studio Solution File, Format Version 12.00
# Visual Studio Version 17
VisualStudioVersion = 17.14.36908.2 d17.14
MinimumVisualStudioVersion = 10.0.40219.1
Project("{FAE04EC0-301F-11D3-BF4B-00C04F79EFBC}") = "BookMyShow", "BookMyShow.csproj", "{FEC48329-07C8-48DA-BC0F-19E1AEE79550}"
EndProject
Global
	GlobalSection(SolutionConfigurationPlatforms) = preSolution
		Debug|Any CPU = Debug|Any CPU
		Release|Any CPU = Release|Any CPU
	EndGlobalSection
	GlobalSection(ProjectConfigurationPlatforms) = postSolution
		{FEC48329-07C8-48DA-BC0F-19E1AEE79550}.Debug|Any CPU.ActiveCfg = Debug|Any CPU
		{FEC48329-07C8-48DA-BC0F-19E1AEE79550}.Debug|Any CPU.Build.0 = Debug|Any CPU
		{FEC48329-07C8-48DA-BC0F-19E1AEE79550}.Release|Any CPU.ActiveCfg = Release|Any CPU
		{FEC48329-07C8-48DA-BC0F-19E1AEE79550}.Release|Any CPU.Build.0 = Release|Any CPU
	EndGlobalSection
	GlobalSection(SolutionProperties) = preSolution
		HideSolutionNode = FALSE
	EndGlobalSection
	GlobalSection(ExtensibilityGlobals) = postSolution
		SolutionGuid = {5909E26F-3677-49C9-A22B-ADAC2122EEB6}
	EndGlobalSection
EndGlobal
